
Microsoft Visual Studio Solution File, Format Version 12.00
# Visual Studio 2012
Project("{8BC9CEB8-8B4A-11D0-8D11-00A0C91BC942}") = "producer- consumer", "producer- consumer\producer- consumer.vcxproj", "{6E212A13-A627-4590-9476-78F86D9B0930}"
EndProject
Global
	GlobalSection(SolutionConfigurationPlatforms) = preSolution
		Debug|Win32 = Debug|Win32
		Release|Win32 = Release|Win32
	EndGlobalSection
	GlobalSection(ProjectConfigurationPlatforms) = postSolution
		{6E212A13-A627-4590-9476-78F86D9B0930}.Debug|Win32.ActiveCfg = Debug|Win32
		{6E212A13-A627-4590-9476-78F86D9B0930}.Debug|Win32.Build.0 = Debug|Win32
		{6E212A13-A627-4590-9476-78F86D9B0930}.Release|Win32.ActiveCfg = Release|Win32
		{6E212A13-A627-4590-9476-78F86D9B0930}.Release|Win32.Build.0 = Release|Win32
	EndGlobalSection
	GlobalSection(SolutionProperties) = preSolution
		HideSolutionNode = FALSE
	EndGlobalSection
EndGlobal
